
Microsoft Visual Studio Solution File, Format Version 12.00
# Visual Studio Version 17
VisualStudioVersion = 17.13.35931.197
MinimumVisualStudioVersion = 10.0.40219.1
Project("{FAE04EC0-301F-11D3-BF4B-00C04F79EFBC}") = "Server", "Server\Server.csproj", "{5D3684CA-C9E1-4601-ACD8-1D99A299EA27}"
EndProject
Project("{11A8DD76-328B-46DF-9F39-F559912D0360}") = "Esp32Client", "Esp32Client\Esp32Client.nfproj", "{E8844F33-DB14-425D-A78E-EDF0E7D41EAD}"
EndProject
Project("{FAE04EC0-301F-11D3-BF4B-00C04F79EFBC}") = "MAUIClient", "MAUIClient\MAUIClient.csproj", "{1B959971-77F8-44FD-8C08-1DD178292B24}"
EndProject
Global
	GlobalSection(SolutionConfigurationPlatforms) = preSolution
		Debug|Any CPU = Debug|Any CPU
		Release|Any CPU = Release|Any CPU
	EndGlobalSection
	GlobalSection(ProjectConfigurationPlatforms) = postSolution
		{5D3684CA-C9E1-4601-ACD8-1D99A299EA27}.Debug|Any CPU.ActiveCfg = Debug|Any CPU
		{5D3684CA-C9E1-4601-ACD8-1D99A299EA27}.Debug|Any CPU.Build.0 = Debug|Any CPU
		{5D3684CA-C9E1-4601-ACD8-1D99A299EA27}.Release|Any CPU.ActiveCfg = Release|Any CPU
		{5D3684CA-C9E1-4601-ACD8-1D99A299EA27}.Release|Any CPU.Build.0 = Release|Any CPU
		{E8844F33-DB14-425D-A78E-EDF0E7D41EAD}.Debug|Any CPU.ActiveCfg = Debug|Any CPU
		{E8844F33-DB14-425D-A78E-EDF0E7D41EAD}.Debug|Any CPU.Build.0 = Debug|Any CPU
		{E8844F33-DB14-425D-A78E-EDF0E7D41EAD}.Debug|Any CPU.Deploy.0 = Debug|Any CPU
		{E8844F33-DB14-425D-A78E-EDF0E7D41EAD}.Release|Any CPU.ActiveCfg = Release|Any CPU
		{E8844F33-DB14-425D-A78E-EDF0E7D41EAD}.Release|Any CPU.Build.0 = Release|Any CPU
		{E8844F33-DB14-425D-A78E-EDF0E7D41EAD}.Release|Any CPU.Deploy.0 = Release|Any CPU
		{1B959971-77F8-44FD-8C08-1DD178292B24}.Debug|Any CPU.ActiveCfg = Debug|Any CPU
		{1B959971-77F8-44FD-8C08-1DD178292B24}.Debug|Any CPU.Build.0 = Debug|Any CPU
		{1B959971-77F8-44FD-8C08-1DD178292B24}.Release|Any CPU.ActiveCfg = Release|Any CPU
		{1B959971-77F8-44FD-8C08-1DD178292B24}.Release|Any CPU.Build.0 = Release|Any CPU
	EndGlobalSection
	GlobalSection(SolutionProperties) = preSolution
		HideSolutionNode = FALSE
	EndGlobalSection
	GlobalSection(ExtensibilityGlobals) = postSolution
		SolutionGuid = {65B063B4-1396-41A6-92AC-428DB205AF25}
	EndGlobalSection
EndGlobal
